
Microsoft Visual Studio Solution File, Format Version 12.00
# Visual Studio 15
VisualStudioVersion = 15.0.27703.2035
MinimumVisualStudioVersion = 10.0.40219.1
Project("{FAE04EC0-301F-11D3-BF4B-00C04F79EFBC}") = "KSL.Demo", "KSL.Demo\KSL.Demo.csproj", "{8BC72F6F-67B7-4217-82E1-5565726DE04B}"
EndProject
Project("{FAE04EC0-301F-11D3-BF4B-00C04F79EFBC}") = "KSL.Gestures", "KSL.Gestures\KSL.Gestures.csproj", "{A39326D0-DFB1-45B8-9D89-75E8F4E21BAB}"
EndProject
Global
	GlobalSection(SolutionConfigurationPlatforms) = preSolution
		Debug|Any CPU = Debug|Any CPU
		Release|Any CPU = Release|Any CPU
	EndGlobalSection
	GlobalSection(ProjectConfigurationPlatforms) = postSolution
		{8BC72F6F-67B7-4217-82E1-5565726DE04B}.Debug|Any CPU.ActiveCfg = Debug|Any CPU
		{8BC72F6F-67B7-4217-82E1-5565726DE04B}.Debug|Any CPU.Build.0 = Debug|Any CPU
		{8BC72F6F-67B7-4217-82E1-5565726DE04B}.Release|Any CPU.ActiveCfg = Release|Any CPU
		{8BC72F6F-67B7-4217-82E1-5565726DE04B}.Release|Any CPU.Build.0 = Release|Any CPU
		{A39326D0-DFB1-45B8-9D89-75E8F4E21BAB}.Debug|Any CPU.ActiveCfg = Debug|Any CPU
		{A39326D0-DFB1-45B8-9D89-75E8F4E21BAB}.Debug|Any CPU.Build.0 = Debug|Any CPU
		{A39326D0-DFB1-45B8-9D89-75E8F4E21BAB}.Release|Any CPU.ActiveCfg = Release|Any CPU
		{A39326D0-DFB1-45B8-9D89-75E8F4E21BAB}.Release|Any CPU.Build.0 = Release|Any CPU
	EndGlobalSection
	GlobalSection(SolutionProperties) = preSolution
		HideSolutionNode = FALSE
	EndGlobalSection
	GlobalSection(ExtensibilityGlobals) = postSolution
		SolutionGuid = {0B38E650-D8E4-40F0-A00F-D66E5B874C77}
	EndGlobalSection
EndGlobal
